
Microsoft Visual Studio Solution File, Format Version 12.00
# Visual Studio 2013
VisualStudioVersion = 12.0.21005.1
MinimumVisualStudioVersion = 10.0.40219.1
Project("{FAE04EC0-301F-11D3-BF4B-00C04F79EFBC}") = "PokeSave", "PokeSave\PokeSave.csproj", "{B587C276-6F72-4E3F-A583-5C729E6AA58F}"
EndProject
Project("{FAE04EC0-301F-11D3-BF4B-00C04F79EFBC}") = "Gen3Testing", "TestProject1\Gen3Testing.csproj", "{24CCAE02-4831-4BBF-801D-81FFC7353E27}"
EndProject
Project("{FAE04EC0-301F-11D3-BF4B-00C04F79EFBC}") = "PokeEdit", "PokeEdit\PokeEdit.csproj", "{FF5416E3-C843-48D5-BAD5-AC02782BC241}"
EndProject
Project("{FAE04EC0-301F-11D3-BF4B-00C04F79EFBC}") = "PokeConsoleClient", "PokeConsoleClient\PokeConsoleClient.csproj", "{96C9322B-F642-4C99-8A2C-E31C9BBD35AD}"
EndProject
Project("{FAE04EC0-301F-11D3-BF4B-00C04F79EFBC}") = "Gen4Testing", "Gen4Testing\Gen4Testing.csproj", "{74F15CCC-B29F-4822-8757-50F378EAE8AE}"
EndProject
Global
	GlobalSection(SolutionConfigurationPlatforms) = preSolution
		Debug|Any CPU = Debug|Any CPU
		Release|Any CPU = Release|Any CPU
	EndGlobalSection
	GlobalSection(ProjectConfigurationPlatforms) = postSolution
		{B587C276-6F72-4E3F-A583-5C729E6AA58F}.Debug|Any CPU.ActiveCfg = Debug|Any CPU
		{B587C276-6F72-4E3F-A583-5C729E6AA58F}.Debug|Any CPU.Build.0 = Debug|Any CPU
		{B587C276-6F72-4E3F-A583-5C729E6AA58F}.Release|Any CPU.ActiveCfg = Release|Any CPU
		{B587C276-6F72-4E3F-A583-5C729E6AA58F}.Release|Any CPU.Build.0 = Release|Any CPU
		{24CCAE02-4831-4BBF-801D-81FFC7353E27}.Debug|Any CPU.ActiveCfg = Debug|Any CPU
		{24CCAE02-4831-4BBF-801D-81FFC7353E27}.Debug|Any CPU.Build.0 = Debug|Any CPU
		{24CCAE02-4831-4BBF-801D-81FFC7353E27}.Release|Any CPU.ActiveCfg = Release|Any CPU
		{24CCAE02-4831-4BBF-801D-81FFC7353E27}.Release|Any CPU.Build.0 = Release|Any CPU
		{FF5416E3-C843-48D5-BAD5-AC02782BC241}.Debug|Any CPU.ActiveCfg = Debug|Any CPU
		{FF5416E3-C843-48D5-BAD5-AC02782BC241}.Debug|Any CPU.Build.0 = Debug|Any CPU
		{FF5416E3-C843-48D5-BAD5-AC02782BC241}.Release|Any CPU.ActiveCfg = Release|Any CPU
		{FF5416E3-C843-48D5-BAD5-AC02782BC241}.Release|Any CPU.Build.0 = Release|Any CPU
		{96C9322B-F642-4C99-8A2C-E31C9BBD35AD}.Debug|Any CPU.ActiveCfg = Debug|Any CPU
		{96C9322B-F642-4C99-8A2C-E31C9BBD35AD}.Debug|Any CPU.Build.0 = Debug|Any CPU
		{96C9322B-F642-4C99-8A2C-E31C9BBD35AD}.Release|Any CPU.ActiveCfg = Release|Any CPU
		{96C9322B-F642-4C99-8A2C-E31C9BBD35AD}.Release|Any CPU.Build.0 = Release|Any CPU
		{74F15CCC-B29F-4822-8757-50F378EAE8AE}.Debug|Any CPU.ActiveCfg = Debug|Any CPU
		{74F15CCC-B29F-4822-8757-50F378EAE8AE}.Debug|Any CPU.Build.0 = Debug|Any CPU
		{74F15CCC-B29F-4822-8757-50F378EAE8AE}.Release|Any CPU.ActiveCfg = Release|Any CPU
		{74F15CCC-B29F-4822-8757-50F378EAE8AE}.Release|Any CPU.Build.0 = Release|Any CPU
	EndGlobalSection
	GlobalSection(SolutionProperties) = preSolution
		HideSolutionNode = FALSE
	EndGlobalSection
EndGlobal
